
Microsoft Visual Studio Solution File, Format Version 12.00
# Visual Studio Version 17
VisualStudioVersion = 17.5.002.0
MinimumVisualStudioVersion = 10.0.40219.1
Project("{9A19103F-16F7-4668-BE54-9A1E7A4F7556}") = "TASK1", "TASK1.csproj", "{1D5C8BC0-EC02-4693-9178-E9E636D9A741}"
EndProject
Global
	GlobalSection(SolutionConfigurationPlatforms) = preSolution
		Debug|Any CPU = Debug|Any CPU
		Release|Any CPU = Release|Any CPU
	EndGlobalSection
	GlobalSection(ProjectConfigurationPlatforms) = postSolution
		{1D5C8BC0-EC02-4693-9178-E9E636D9A741}.Debug|Any CPU.ActiveCfg = Debug|Any CPU
		{1D5C8BC0-EC02-4693-9178-E9E636D9A741}.Debug|Any CPU.Build.0 = Debug|Any CPU
		{1D5C8BC0-EC02-4693-9178-E9E636D9A741}.Release|Any CPU.ActiveCfg = Release|Any CPU
		{1D5C8BC0-EC02-4693-9178-E9E636D9A741}.Release|Any CPU.Build.0 = Release|Any CPU
	EndGlobalSection
	GlobalSection(SolutionProperties) = preSolution
		HideSolutionNode = FALSE
	EndGlobalSection
	GlobalSection(ExtensibilityGlobals) = postSolution
		SolutionGuid = {F2F10630-35FA-4708-8733-E88F8A1B4C97}
	EndGlobalSection
EndGlobal
